<?xml version="1.0" encoding="utf-8"?>
<Project ToolsVersion="4.0" xmlns="http://schemas.microsoft.com/developer/msbuild/2003">
  <ItemGroup>
    <Filter Include="Source Files">
      <UniqueIdentifier>{4FC737F1-C7A5-4376-A066-2A32D752A2FF}</UniqueIdentifier>
      <Extensions>cpp;c;cc;cxx;def;odl;idl;hpj;bat;asm;asmx</Extensions>
    </Filter>
    <Filter Include="Header Files">
      <UniqueIdentifier>{93995380-89BD-4b04-88EB-625FBE52EBFB}</UniqueIdentifier>
      <Extensions>h;hh;hpp;hxx;hm;inl;inc;xsd</Extensions>
    </Filter>
    <Filter Include="Resource Files">
      <UniqueIdentifier>{67DA6AB6-F800-4c08-8B7A-83BB121AAD01}</UniqueIdentifier>
      <Extensions>rc;ico;cur;bmp;dlg;rc2;rct;bin;rgs;gif;jpg;jpeg;jpe;resx;tiff;tif;png;wav</Extensions>
    </Filter>
    <Filter Include="Shaders">
      <UniqueIdentifier>{7853bd7a-e4d8-4fe8-9da1-52aafe2166ab}</UniqueIdentifier>
    </Filter>
    <Filter Include="libs">
      <UniqueIdentifier>{11da0c39-1ed6-459b-9167-329cf61bf6da}</UniqueIdentifier>
    </Filter>
    <Filter Include="libs\glad">
      <UniqueIdentifier>{5185229a-c563-43e9-b72f-02a38351cc2e}</UniqueIdentifier>
    </Filter>
    <Filter Include="Tools">
      <UniqueIdentifier>{0a478c20-b76c-480f-8fc6-7d45c4f30031}</UniqueIdentifier>
    </Filter>
  </ItemGroup>
  <ItemGroup>
    <ClCompile Include="..\src\glApp.cpp">
      <Filter>Source Files</Filter>
    </ClCompile>
    <ClCompile Include="..\src\glWindow.cpp">
      <Filter>Source Files</Filter>
    </ClCompile>
    <ClCompile Include="..\src\libs\glad\glad.c">
      <Filter>libs\glad</Filter>
    </ClCompile>
    <ClCompile Include="..\src\tools\glslProgramObject.cpp">
      <Filter>Tools</Filter>
    </ClCompile>
    <ClCompile Include="..\src\tools\glslShaderObject.cpp">
      <Filter>Tools</Filter>
    </ClCompile>
    <ClCompile Include="..\src\mNoiseClass.cpp">
      <Filter>Source Files</Filter>
    </ClCompile>
    <ClCompile Include="..\src\VolumeBuffer.cpp">
      <Filter>Source Files</Filter>
    </ClCompile>
    <ClCompile Include="..\src\VolumeRender.cpp">
      <Filter>Source Files</Filter>
    </ClCompile>
    <ClCompile Include="..\src\FrameBufferObject.cpp">
      <Filter>Source Files</Filter>
    </ClCompile>
  </ItemGroup>
  <ItemGroup>
    <ClInclude Include="..\src\glApp.h">
      <Filter>Header Files</Filter>
    </ClInclude>
    <ClInclude Include="..\src\glWindow.h">
      <Filter>Header Files</Filter>
    </ClInclude>
    <ClInclude Include="..\src\libs\glad\glad.h">
      <Filter>libs\glad</Filter>
    </ClInclude>
    <ClInclude Include="..\src\tools\glslProgramObject.h">
      <Filter>Tools</Filter>
    </ClInclude>
    <ClInclude Include="..\src\tools\glslShaderObject.h">
      <Filter>Tools</Filter>
    </ClInclude>
    <ClInclude Include="..\src\tools\virtualGizmo.h">
      <Filter>Tools</Filter>
    </ClInclude>
    <ClInclude Include="..\src\appDefines.h">
      <Filter>Header Files</Filter>
    </ClInclude>
    <ClInclude Include="..\src\mNoiseClass.h">
      <Filter>Header Files</Filter>
    </ClInclude>
    <ClInclude Include="..\src\VolumeBuffer.h">
      <Filter>Header Files</Filter>
    </ClInclude>
    <ClInclude Include="..\src\VolumeRender.h">
      <Filter>Header Files</Filter>
    </ClInclude>
    <ClInclude Include="..\src\FrameBufferObject.h">
      <Filter>Header Files</Filter>
    </ClInclude>
  </ItemGroup>
  <ItemGroup>
    <None Include="..\Shaders\fsRayMarch.glsl">
      <Filter>Shaders</Filter>
    </None>
    <None Include="..\Shaders\fsTexBackground.glsl">
      <Filter>Shaders</Filter>
    </None>
    <None Include="..\Shaders\mNoise.glsl">
      <Filter>Shaders</Filter>
    </None>
    <None Include="..\Shaders\vsRayMarch.glsl">
      <Filter>Shaders</Filter>
    </None>
    <None Include="..\Shaders\vsTexBackground.glsl">
      <Filter>Shaders</Filter>
    </None>
  </ItemGroup>
</Project>